
Microsoft Visual Studio Solution File, Format Version 12.00
# Visual Studio Version 17
VisualStudioVersion = 17.9.34902.65
MinimumVisualStudioVersion = 10.0.40219.1
Project("{FAE04EC0-301F-11D3-BF4B-00C04F79EFBC}") = "Билет 4", "Билет 4\Билет 4.csproj", "{59D74FC5-3124-4090-B7F7-6A937981EC6F}"
EndProject
Project("{FAE04EC0-301F-11D3-BF4B-00C04F79EFBC}") = "Билет 5", "Билет 5\Билет 5.csproj", "{6D7C0876-187F-4DD8-80BC-6E8597A046A5}"
EndProject
Project("{FAE04EC0-301F-11D3-BF4B-00C04F79EFBC}") = "Билет 6", "Билет 6\Билет 6.csproj", "{412A87B4-2CA4-435C-9A5F-A7B87C4E6B17}"
EndProject
Project("{FAE04EC0-301F-11D3-BF4B-00C04F79EFBC}") = "Билет 7", "Билет 7\Билет 7.csproj", "{497E31DE-691E-402F-82A4-90E08560D1F0}"
EndProject
Global
	GlobalSection(SolutionConfigurationPlatforms) = preSolution
		Debug|Any CPU = Debug|Any CPU
		Release|Any CPU = Release|Any CPU
	EndGlobalSection
	GlobalSection(ProjectConfigurationPlatforms) = postSolution
		{59D74FC5-3124-4090-B7F7-6A937981EC6F}.Debug|Any CPU.ActiveCfg = Debug|Any CPU
		{59D74FC5-3124-4090-B7F7-6A937981EC6F}.Debug|Any CPU.Build.0 = Debug|Any CPU
		{59D74FC5-3124-4090-B7F7-6A937981EC6F}.Release|Any CPU.ActiveCfg = Release|Any CPU
		{59D74FC5-3124-4090-B7F7-6A937981EC6F}.Release|Any CPU.Build.0 = Release|Any CPU
		{6D7C0876-187F-4DD8-80BC-6E8597A046A5}.Debug|Any CPU.ActiveCfg = Debug|Any CPU
		{6D7C0876-187F-4DD8-80BC-6E8597A046A5}.Debug|Any CPU.Build.0 = Debug|Any CPU
		{6D7C0876-187F-4DD8-80BC-6E8597A046A5}.Release|Any CPU.ActiveCfg = Release|Any CPU
		{6D7C0876-187F-4DD8-80BC-6E8597A046A5}.Release|Any CPU.Build.0 = Release|Any CPU
		{412A87B4-2CA4-435C-9A5F-A7B87C4E6B17}.Debug|Any CPU.ActiveCfg = Debug|Any CPU
		{412A87B4-2CA4-435C-9A5F-A7B87C4E6B17}.Debug|Any CPU.Build.0 = Debug|Any CPU
		{412A87B4-2CA4-435C-9A5F-A7B87C4E6B17}.Release|Any CPU.ActiveCfg = Release|Any CPU
		{412A87B4-2CA4-435C-9A5F-A7B87C4E6B17}.Release|Any CPU.Build.0 = Release|Any CPU
		{497E31DE-691E-402F-82A4-90E08560D1F0}.Debug|Any CPU.ActiveCfg = Debug|Any CPU
		{497E31DE-691E-402F-82A4-90E08560D1F0}.Debug|Any CPU.Build.0 = Debug|Any CPU
		{497E31DE-691E-402F-82A4-90E08560D1F0}.Release|Any CPU.ActiveCfg = Release|Any CPU
		{497E31DE-691E-402F-82A4-90E08560D1F0}.Release|Any CPU.Build.0 = Release|Any CPU
	EndGlobalSection
	GlobalSection(SolutionProperties) = preSolution
		HideSolutionNode = FALSE
	EndGlobalSection
	GlobalSection(ExtensibilityGlobals) = postSolution
		SolutionGuid = {29FB7E24-9760-4860-B2FA-E9D186247BFC}
	EndGlobalSection
EndGlobal
